
Microsoft Visual Studio Solution File, Format Version 12.00
# Visual Studio 15
VisualStudioVersion = 15.0.28307.271
MinimumVisualStudioVersion = 10.0.40219.1
Project("{9A19103F-16F7-4668-BE54-9A1E7A4F7556}") = "RetroGamesGo.Core", "RetroGamesGo.Core\RetroGamesGo.Core.csproj", "{C4448C65-7C27-4172-987F-AF602A203BD2}"
EndProject
Project("{2150E333-8FDC-42A3-9474-1A3956D46DE8}") = "Languages", "Languages", "{5BDB3103-2BEC-4FC0-A17E-9C654E4F27FA}"
EndProject
Project("{2150E333-8FDC-42A3-9474-1A3956D46DE8}") = "Spanish", "Spanish", "{2F47FA2B-CC6D-409C-931C-537F145C235C}"
	ProjectSection(SolutionItems) = preProject
		Languages\Spanish\Texts.json = Languages\Spanish\Texts.json
	EndProjectSection
EndProject
Project("{FAE04EC0-301F-11D3-BF4B-00C04F79EFBC}") = "RetroGamesGo.Droid", "RetroGamesGo.Droid\RetroGamesGo.Droid.csproj", "{CC57AF56-36C1-4128-B5F8-D8F5E5B6A993}"
EndProject
Project("{2150E333-8FDC-42A3-9474-1A3956D46DE8}") = "LIbs", "LIbs", "{5D40B056-5A28-4D9F-99E5-AFA60DD70FEF}"
	ProjectSection(SolutionItems) = preProject
		Libs\JavaGL.dll = Libs\JavaGL.dll
	EndProjectSection
EndProject
Project("{9A19103F-16F7-4668-BE54-9A1E7A4F7556}") = "RetroGamesGo.Models", "RetroGamesGo.Models\RetroGamesGo.Models.csproj", "{7EFD4972-76D6-490A-B603-8738F0A4A5AF}"
EndProject
Project("{9A19103F-16F7-4668-BE54-9A1E7A4F7556}") = "RetroGamesGo.Service", "RetroGamesGo.Service\RetroGamesGo.Service.csproj", "{77783DC3-1BD6-495F-92FC-BE7CE5C0DC5C}"
EndProject
Project("{FAE04EC0-301F-11D3-BF4B-00C04F79EFBC}") = "RetroGamesGo.iOS", "RetroGamesGo.iOS\RetroGamesGo.iOS.csproj", "{80A96B52-6758-4BDB-B0B4-CEA4CA155C60}"
EndProject
Project("{2150E333-8FDC-42A3-9474-1A3956D46DE8}") = "Assets", "Assets", "{2F0F4A69-6E19-44BB-8A47-F5124FCC0797}"
EndProject
Project("{2150E333-8FDC-42A3-9474-1A3956D46DE8}") = "Mario", "Mario", "{E130CFED-CB15-410F-90BA-05B919312410}"
	ProjectSection(SolutionItems) = preProject
		Assets\Mario\Mario.png = Assets\Mario\Mario.png
		Assets\Mario\Mario2.mtl = Assets\Mario\Mario2.mtl
		Assets\Mario\mario_coin.mp3 = Assets\Mario\mario_coin.mp3
		Assets\Mario\MarioSticker.png = Assets\Mario\MarioSticker.png
	EndProjectSection
EndProject
Project("{2150E333-8FDC-42A3-9474-1A3956D46DE8}") = "PacMan", "PacMan", "{BCCF97C3-A838-4DD1-BA39-409817155D96}"
	ProjectSection(SolutionItems) = preProject
		Assets\PacMan\pacman.mtl = Assets\PacMan\pacman.mtl
		Assets\PacMan\pacman.obj = Assets\PacMan\pacman.obj
		Assets\PacMan\pacman_waka_waka.mp3 = Assets\PacMan\pacman_waka_waka.mp3
		Assets\PacMan\PacmanSticker.png = Assets\PacMan\PacmanSticker.png
	EndProjectSection
EndProject
Project("{2150E333-8FDC-42A3-9474-1A3956D46DE8}") = "DonkeyKong", "DonkeyKong", "{95B47C06-E1B5-4739-8B1B-820D7B11C4CB}"
	ProjectSection(SolutionItems) = preProject
		Assets\DonkeyKong\DonkeyKong.mtl = Assets\DonkeyKong\DonkeyKong.mtl
		Assets\DonkeyKong\DonkeyKong.obj = Assets\DonkeyKong\DonkeyKong.obj
		Assets\DonkeyKong\DonkeyKong.png = Assets\DonkeyKong\DonkeyKong.png
		Assets\DonkeyKong\DonkeyKong.wav = Assets\DonkeyKong\DonkeyKong.wav
		Assets\DonkeyKong\DonkeyKong_1.png = Assets\DonkeyKong\DonkeyKong_1.png
		Assets\DonkeyKong\DonkeyKongSticker.png = Assets\DonkeyKong\DonkeyKongSticker.png
	EndProjectSection
EndProject
Project("{2150E333-8FDC-42A3-9474-1A3956D46DE8}") = "SpaceInvader", "SpaceInvader", "{634ABFCB-DC2E-4885-88E7-8A3B65B36DF3}"
	ProjectSection(SolutionItems) = preProject
		Assets\SpaceInvader\space.wav = Assets\SpaceInvader\space.wav
		Assets\SpaceInvader\Space_Invader-Render01.jpg = Assets\SpaceInvader\Space_Invader-Render01.jpg
		Assets\SpaceInvader\Space_Invader-Render02.jpg = Assets\SpaceInvader\Space_Invader-Render02.jpg
		Assets\SpaceInvader\Space_Invader.obj = Assets\SpaceInvader\Space_Invader.obj
		Assets\SpaceInvader\SpaceInvaders.obj = Assets\SpaceInvader\SpaceInvaders.obj
		Assets\SpaceInvader\SpaceInvaders.png = Assets\SpaceInvader\SpaceInvaders.png
		Assets\SpaceInvader\spaceInvaderSticker.png = Assets\SpaceInvader\spaceInvaderSticker.png
	EndProjectSection
EndProject
Project("{2150E333-8FDC-42A3-9474-1A3956D46DE8}") = "Sonic", "Sonic", "{D6A76CE2-85B5-4AB6-A1B7-D0ED59D8FD3A}"
	ProjectSection(SolutionItems) = preProject
		Assets\Sonic\Sonic.obj = Assets\Sonic\Sonic.obj
		Assets\Sonic\Sonic.png = Assets\Sonic\Sonic.png
		Assets\Sonic\sonic.wav = Assets\Sonic\sonic.wav
		Assets\Sonic\SonicSticker.png = Assets\Sonic\SonicSticker.png
	EndProjectSection
EndProject
Project("{2150E333-8FDC-42A3-9474-1A3956D46DE8}") = "RetroGameDraw", "RetroGameDraw", "{F0BDE44B-05C2-4A75-AAF1-7C806AB1CCD9}"
EndProject
Project("{9A19103F-16F7-4668-BE54-9A1E7A4F7556}") = "RetroGameDraw.Core", "RetroGameDraw.Core\RetroGameDraw.Core.csproj", "{8515E333-C40D-4713-8F8B-3DE4BD5E183B}"
EndProject
Project("{FAE04EC0-301F-11D3-BF4B-00C04F79EFBC}") = "RetroGameDraw.UWP", "RetroGameDraw.UWP\RetroGameDraw.UWP.csproj", "{A948BFB5-6676-42A2-BAEF-3F9A495EFA56}"
EndProject
Global
	GlobalSection(SolutionConfigurationPlatforms) = preSolution
		Ad-Hoc|Any CPU = Ad-Hoc|Any CPU
		Ad-Hoc|ARM = Ad-Hoc|ARM
		Ad-Hoc|ARM64 = Ad-Hoc|ARM64
		Ad-Hoc|iPhone = Ad-Hoc|iPhone
		Ad-Hoc|iPhoneSimulator = Ad-Hoc|iPhoneSimulator
		Ad-Hoc|x64 = Ad-Hoc|x64
		Ad-Hoc|x86 = Ad-Hoc|x86
		AppStore|Any CPU = AppStore|Any CPU
		AppStore|ARM = AppStore|ARM
		AppStore|ARM64 = AppStore|ARM64
		AppStore|iPhone = AppStore|iPhone
		AppStore|iPhoneSimulator = AppStore|iPhoneSimulator
		AppStore|x64 = AppStore|x64
		AppStore|x86 = AppStore|x86
		Debug|Any CPU = Debug|Any CPU
		Debug|ARM = Debug|ARM
		Debug|ARM64 = Debug|ARM64
		Debug|iPhone = Debug|iPhone
		Debug|iPhoneSimulator = Debug|iPhoneSimulator
		Debug|x64 = Debug|x64
		Debug|x86 = Debug|x86
		Release|Any CPU = Release|Any CPU
		Release|ARM = Release|ARM
		Release|ARM64 = Release|ARM64
		Release|iPhone = Release|iPhone
		Release|iPhoneSimulator = Release|iPhoneSimulator
		Release|x64 = Release|x64
		Release|x86 = Release|x86
	EndGlobalSection
	GlobalSection(ProjectConfigurationPlatforms) = postSolution
		{C4448C65-7C27-4172-987F-AF602A203BD2}.Ad-Hoc|Any CPU.ActiveCfg = Release|Any CPU
		{C4448C65-7C27-4172-987F-AF602A203BD2}.Ad-Hoc|Any CPU.Build.0 = Release|Any CPU
		{C4448C65-7C27-4172-987F-AF602A203BD2}.Ad-Hoc|ARM.ActiveCfg = Release|Any CPU
		{C4448C65-7C27-4172-987F-AF602A203BD2}.Ad-Hoc|ARM.Build.0 = Release|Any CPU
		{C4448C65-7C27-4172-987F-AF602A203BD2}.Ad-Hoc|ARM64.ActiveCfg = Release|Any CPU
		{C4448C65-7C27-4172-987F-AF602A203BD2}.Ad-Hoc|ARM64.Build.0 = Release|Any CPU
		{C4448C65-7C27-4172-987F-AF602A203BD2}.Ad-Hoc|iPhone.ActiveCfg = Release|Any CPU
		{C4448C65-7C27-4172-987F-AF602A203BD2}.Ad-Hoc|iPhone.Build.0 = Release|Any CPU
		{C4448C65-7C27-4172-987F-AF602A203BD2}.Ad-Hoc|iPhoneSimulator.ActiveCfg = Release|Any CPU
		{C4448C65-7C27-4172-987F-AF602A203BD2}.Ad-Hoc|iPhoneSimulator.Build.0 = Release|Any CPU
		{C4448C65-7C27-4172-987F-AF602A203BD2}.Ad-Hoc|x64.ActiveCfg = Release|Any CPU
		{C4448C65-7C27-4172-987F-AF602A203BD2}.Ad-Hoc|x64.Build.0 = Release|Any CPU
		{C4448C65-7C27-4172-987F-AF602A203BD2}.Ad-Hoc|x86.ActiveCfg = Release|Any CPU
		{C4448C65-7C27-4172-987F-AF602A203BD2}.Ad-Hoc|x86.Build.0 = Release|Any CPU
		{C4448C65-7C27-4172-987F-AF602A203BD2}.AppStore|Any CPU.ActiveCfg = Release|Any CPU
		{C4448C65-7C27-4172-987F-AF602A203BD2}.AppStore|Any CPU.Build.0 = Release|Any CPU
		{C4448C65-7C27-4172-987F-AF602A203BD2}.AppStore|ARM.ActiveCfg = Release|Any CPU
		{C4448C65-7C27-4172-987F-AF602A203BD2}.AppStore|ARM.Build.0 = Release|Any CPU
		{C4448C65-7C27-4172-987F-AF602A203BD2}.AppStore|ARM64.ActiveCfg = Release|Any CPU
		{C4448C65-7C27-4172-987F-AF602A203BD2}.AppStore|ARM64.Build.0 = Release|Any CPU
		{C4448C65-7C27-4172-987F-AF602A203BD2}.AppStore|iPhone.ActiveCfg = Release|Any CPU
		{C4448C65-7C27-4172-987F-AF602A203BD2}.AppStore|iPhone.Build.0 = Release|Any CPU
		{C4448C65-7C27-4172-987F-AF602A203BD2}.AppStore|iPhoneSimulator.ActiveCfg = Release|Any CPU
		{C4448C65-7C27-4172-987F-AF602A203BD2}.AppStore|iPhoneSimulator.Build.0 = Release|Any CPU
		{C4448C65-7C27-4172-987F-AF602A203BD2}.AppStore|x64.ActiveCfg = Release|Any CPU
		{C4448C65-7C27-4172-987F-AF602A203BD2}.AppStore|x64.Build.0 = Release|Any CPU
		{C4448C65-7C27-4172-987F-AF602A203BD2}.AppStore|x86.ActiveCfg = Release|Any CPU
		{C4448C65-7C27-4172-987F-AF602A203BD2}.AppStore|x86.Build.0 = Release|Any CPU
		{C4448C65-7C27-4172-987F-AF602A203BD2}.Debug|Any CPU.ActiveCfg = Debug|Any CPU
		{C4448C65-7C27-4172-987F-AF602A203BD2}.Debug|Any CPU.Build.0 = Debug|Any CPU
		{C4448C65-7C27-4172-987F-AF602A203BD2}.Debug|ARM.ActiveCfg = Debug|Any CPU
		{C4448C65-7C27-4172-987F-AF602A203BD2}.Debug|ARM.Build.0 = Debug|Any CPU
		{C4448C65-7C27-4172-987F-AF602A203BD2}.Debug|ARM64.ActiveCfg = Debug|Any CPU
		{C4448C65-7C27-4172-987F-AF602A203BD2}.Debug|ARM64.Build.0 = Debug|Any CPU
		{C4448C65-7C27-4172-987F-AF602A203BD2}.Debug|iPhone.ActiveCfg = Debug|Any CPU
		{C4448C65-7C27-4172-987F-AF602A203BD2}.Debug|iPhone.Build.0 = Debug|Any CPU
		{C4448C65-7C27-4172-987F-AF602A203BD2}.Debug|iPhoneSimulator.ActiveCfg = Debug|Any CPU
		{C4448C65-7C27-4172-987F-AF602A203BD2}.Debug|iPhoneSimulator.Build.0 = Debug|Any CPU
		{C4448C65-7C27-4172-987F-AF602A203BD2}.Debug|x64.ActiveCfg = Debug|Any CPU
		{C4448C65-7C27-4172-987F-AF602A203BD2}.Debug|x64.Build.0 = Debug|Any CPU
		{C4448C65-7C27-4172-987F-AF602A203BD2}.Debug|x86.ActiveCfg = Debug|Any CPU
		{C4448C65-7C27-4172-987F-AF602A203BD2}.Debug|x86.Build.0 = Debug|Any CPU
		{C4448C65-7C27-4172-987F-AF602A203BD2}.Release|Any CPU.ActiveCfg = Release|Any CPU
		{C4448C65-7C27-4172-987F-AF602A203BD2}.Release|Any CPU.Build.0 = Release|Any CPU
		{C4448C65-7C27-4172-987F-AF602A203BD2}.Release|ARM.ActiveCfg = Release|Any CPU
		{C4448C65-7C27-4172-987F-AF602A203BD2}.Release|ARM.Build.0 = Release|Any CPU
		{C4448C65-7C27-4172-987F-AF602A203BD2}.Release|ARM64.ActiveCfg = Release|Any CPU
		{C4448C65-7C27-4172-987F-AF602A203BD2}.Release|ARM64.Build.0 = Release|Any CPU
		{C4448C65-7C27-4172-987F-AF602A203BD2}.Release|iPhone.ActiveCfg = Release|Any CPU
		{C4448C65-7C27-4172-987F-AF602A203BD2}.Release|iPhone.Build.0 = Release|Any CPU
		{C4448C65-7C27-4172-987F-AF602A203BD2}.Release|iPhoneSimulator.ActiveCfg = Release|Any CPU
		{C4448C65-7C27-4172-987F-AF602A203BD2}.Release|iPhoneSimulator.Build.0 = Release|Any CPU
		{CC57AF56-36C1-4128-B5F8-D8F5E5B6A993}.Debug|Any CPU.ActiveCfg = Debug|Any CPU
		{CC57AF56-36C1-4128-B5F8-D8F5E5B6A993}.Debug|Any CPU.Build.0 = Debug|Any CPU
		{CC57AF56-36C1-4128-B5F8-D8F5E5B6A993}.Debug|Any CPU.Deploy.0 = Debug|Any CPU
		{CC57AF56-36C1-4128-B5F8-D8F5E5B6A993}.Debug|ARM.ActiveCfg = Debug|Any CPU
		{CC57AF56-36C1-4128-B5F8-D8F5E5B6A993}.Debug|ARM.Build.0 = Debug|Any CPU
		{CC57AF56-36C1-4128-B5F8-D8F5E5B6A993}.Debug|ARM.Deploy.0 = Debug|Any CPU
		{CC57AF56-36C1-4128-B5F8-D8F5E5B6A993}.Debug|ARM64.ActiveCfg = Debug|Any CPU
		{CC57AF56-36C1-4128-B5F8-D8F5E5B6A993}.Debug|ARM64.Build.0 = Debug|Any CPU
		{CC57AF56-36C1-4128-B5F8-D8F5E5B6A993}.Debug|ARM64.Deploy.0 = Debug|Any CPU
		{CC57AF56-36C1-4128-B5F8-D8F5E5B6A993}.Debug|iPhone.ActiveCfg = Debug|Any CPU
		{CC57AF56-36C1-4128-B5F8-D8F5E5B6A993}.Debug|iPhone.Build.0 = Debug|Any CPU
		{CC57AF56-36C1-4128-B5F8-D8F5E5B6A993}.Debug|iPhone.Deploy.0 = Debug|Any CPU
		{CC57AF56-36C1-4128-B5F8-D8F5E5B6A993}.Debug|iPhoneSimulator.ActiveCfg = Debug|Any CPU
		{CC57AF56-36C1-4128-B5F8-D8F5E5B6A993}.Debug|iPhoneSimulator.Build.0 = Debug|Any CPU
		{CC57AF56-36C1-4128-B5F8-D8F5E5B6A993}.Debug|iPhoneSimulator.Deploy.0 = Debug|Any CPU
		{CC57AF56-36C1-4128-B5F8-D8F5E5B6A993}.Debug|x64.ActiveCfg = Debug|Any CPU
		{CC57AF56-36C1-4128-B5F8-D8F5E5B6A993}.Debug|x64.Build.0 = Debug|Any CPU
		{CC57AF56-36C1-4128-B5F8-D8F5E5B6A993}.Debug|x64.Deploy.0 = Debug|Any CPU
		{CC57AF56-36C1-4128-B5F8-D8F5E5B6A993}.Debug|x86.ActiveCfg = Debug|Any CPU
		{CC57AF56-36C1-4128-B5F8-D8F5E5B6A993}.Debug|x86.Build.0 = Debug|Any CPU
		{CC57AF56-36C1-4128-B5F8-D8F5E5B6A993}.Debug|x86.Deploy.0 = Debug|Any CPU
		{CC57AF56-36C1-4128-B5F8-D8F5E5B6A993}.Release|Any CPU.ActiveCfg = Release|Any CPU
		{CC57AF56-36C1-4128-B5F8-D8F5E5B6A993}.Release|Any CPU.Build.0 = Release|Any CPU
		{CC57AF56-36C1-4128-B5F8-D8F5E5B6A993}.Release|Any CPU.Deploy.0 = Release|Any CPU
		{CC57AF56-36C1-4128-B5F8-D8F5E5B6A993}.Release|ARM.ActiveCfg = Release|Any CPU
		{CC57AF56-36C1-4128-B5F8-D8F5E5B6A993}.Release|ARM.Build.0 = Release|Any CPU
		{CC57AF56-36C1-4128-B5F8-D8F5E5B6A993}.Release|ARM.Deploy.0 = Release|Any CPU
		{CC57AF56-36C1-4128-B5F8-D8F5E5B6A993}.Release|ARM64.ActiveCfg = Release|Any CPU
		{CC57AF56-36C1-4128-B5F8-D8F5E5B6A993}.Release|ARM64.Build.0 = Release|Any CPU
		{CC57AF56-36C1-4128-B5F8-D8F5E5B6A993}.Release|ARM64.Deploy.0 = Release|Any CPU
		{CC57AF56-36C1-4128-B5F8-D8F5E5B6A993}.Release|iPhone.ActiveCfg = Release|Any CPU
		{CC57AF56-36C1-4128-B5F8-D8F5E5B6A993}.Release|iPhone.Build.0 = Release|Any CPU
		{CC57AF56-36C1-4128-B5F8-D8F5E5B6A993}.Release|iPhone.Deploy.0 = Release|Any CPU
		{CC57AF56-36C1-4128-B5F8-D8F5E5B6A993}.Release|iPhoneSimulator.ActiveCfg = Release|Any CPU
		{CC57AF56-36C1-4128-B5F8-D8F5E5B6A993}.Release|iPhoneSimulator.Build.0 = Release|Any CPU
		{CC57AF56-36C1-4128-B5F8-D8F5E5B6A993}.Release|iPhoneSimulator.Deploy.0 = Release|Any CPU
		{CC57AF56-36C1-4128-B5F8-D8F5E5B6A993}.Release|x64.ActiveCfg = Release|Any CPU
		{CC57AF56-36C1-4128-B5F8-D8F5E5B6A993}.Release|x64.Build.0 = Release|Any CPU
		{CC57AF56-36C1-4128-B5F8-D8F5E5B6A993}.Release|x64.Deploy.0 = Release|Any CPU
		{CC57AF56-36C1-4128-B5F8-D8F5E5B6A993}.Release|x86.ActiveCfg = Release|Any CPU
		{CC57AF56-36C1-4128-B5F8-D8F5E5B6A993}.Release|x86.Build.0 = Release|Any CPU
		{CC57AF56-36C1-4128-B5F8-D8F5E5B6A993}.Release|x86.Deploy.0 = Release|Any CPU
		{7EFD4972-76D6-490A-B603-8738F0A4A5AF}.Ad-Hoc|Any CPU.ActiveCfg = Release|Any CPU
		{7EFD4972-76D6-490A-B603-8738F0A4A5AF}.Ad-Hoc|Any CPU.Build.0 = Release|Any CPU
		{7EFD4972-76D6-490A-B603-8738F0A4A5AF}.Ad-Hoc|ARM.ActiveCfg = Release|Any CPU
		{7EFD4972-76D6-490A-B603-8738F0A4A5AF}.Ad-Hoc|ARM.Build.0 = Release|Any CPU
		{7EFD4972-76D6-490A-B603-8738F0A4A5AF}.Ad-Hoc|ARM64.ActiveCfg = Release|Any CPU
		{7EFD4972-76D6-490A-B603-8738F0A4A5AF}.Ad-Hoc|ARM64.Build.0 = Release|Any CPU
		{7EFD4972-76D6-490A-B603-8738F0A4A5AF}.Ad-Hoc|iPhone.ActiveCfg = Release|Any CPU
		{7EFD4972-76D6-490A-B603-8738F0A4A5AF}.Ad-Hoc|iPhone.Build.0 = Release|Any CPU
		{7EFD4972-76D6-490A-B603-8738F0A4A5AF}.Ad-Hoc|iPhoneSimulator.ActiveCfg = Release|Any CPU
		{7EFD4972-76D6-490A-B603-8738F0A4A5AF}.Ad-Hoc|iPhoneSimulator.Build.0 = Release|Any CPU
		{7EFD4972-76D6-490A-B603-8738F0A4A5AF}.Ad-Hoc|x64.ActiveCfg = Release|Any CPU
		{7EFD4972-76D6-490A-B603-8738F0A4A5AF}.Ad-Hoc|x64.Build.0 = Release|Any CPU
		{7EFD4972-76D6-490A-B603-8738F0A4A5AF}.Ad-Hoc|x86.ActiveCfg = Release|Any CPU
		{7EFD4972-76D6-490A-B603-8738F0A4A5AF}.Ad-Hoc|x86.Build.0 = Release|Any CPU
		{7EFD4972-76D6-490A-B603-8738F0A4A5AF}.AppStore|Any CPU.ActiveCfg = Release|Any CPU
		{7EFD4972-76D6-490A-B603-8738F0A4A5AF}.AppStore|Any CPU.Build.0 = Release|Any CPU
		{7EFD4972-76D6-490A-B603-8738F0A4A5AF}.AppStore|ARM.ActiveCfg = Release|Any CPU
		{7EFD4972-76D6-490A-B603-8738F0A4A5AF}.AppStore|ARM.Build.0 = Release|Any CPU
		{7EFD4972-76D6-490A-B603-8738F0A4A5AF}.AppStore|ARM64.ActiveCfg = Release|Any CPU
		{7EFD4972-76D6-490A-B603-8738F0A4A5AF}.AppStore|ARM64.Build.0 = Release|Any CPU
		{7EFD4972-76D6-490A-B603-8738F0A4A5AF}.AppStore|iPhone.ActiveCfg = Release|Any CPU
		{7EFD4972-76D6-490A-B603-8738F0A4A5AF}.AppStore|iPhone.Build.0 = Release|Any CPU
		{7EFD4972-76D6-490A-B603-8738F0A4A5AF}.AppStore|iPhoneSimulator.ActiveCfg = Release|Any CPU
		{7EFD4972-76D6-490A-B603-8738F0A4A5AF}.AppStore|iPhoneSimulator.Build.0 = Release|Any CPU
		{7EFD4972-76D6-490A-B603-8738F0A4A5AF}.AppStore|x64.ActiveCfg = Release|Any CPU
		{7EFD4972-76D6-490A-B603-8738F0A4A5AF}.AppStore|x64.Build.0 = Release|Any CPU
		{7EFD4972-76D6-490A-B603-8738F0A4A5AF}.AppStore|x86.ActiveCfg = Release|Any CPU
		{7EFD4972-76D6-490A-B603-8738F0A4A5AF}.AppStore|x86.Build.0 = Release|Any CPU
		{7EFD4972-76D6-490A-B603-8738F0A4A5AF}.Debug|Any CPU.ActiveCfg = Debug|Any CPU
		{7EFD4972-76D6-490A-B603-8738F0A4A5AF}.Debug|Any CPU.Build.0 = Debug|Any CPU
		{7EFD4972-76D6-490A-B603-8738F0A4A5AF}.Debug|ARM.ActiveCfg = Debug|Any CPU
		{7EFD4972-76D6-490A-B603-8738F0A4A5AF}.Debug|ARM.Build.0 = Debug|Any CPU
		{7EFD4972-76D6-490A-B603-8738F0A4A5AF}.Debug|ARM64.ActiveCfg = Debug|Any CPU
		{7EFD4972-76D6-490A-B603-8738F0A4A5AF}.Debug|ARM64.Build.0 = Debug|Any CPU
		{7EFD4972-76D6-490A-B603-8738F0A4A5AF}.Debug|iPhone.ActiveCfg = Debug|Any CPU
		{7EFD4972-76D6-490A-B603-8738F0A4A5AF}.Debug|iPhone.Build.0 = Debug|Any CPU
		{7EFD4972-76D6-490A-B603-8738F0A4A5AF}.Debug|iPhoneSimulator.ActiveCfg = Debug|Any CPU
		{7EFD4972-76D6-490A-B603-8738F0A4A5AF}.Debug|iPhoneSimulator.Build.0 = Debug|Any CPU
		{7EFD4972-76D6-490A-B603-8738F0A4A5AF}.Debug|x64.ActiveCfg = Debug|Any CPU
		{7EFD4972-76D6-490A-B603-8738F0A4A5AF}.Debug|x64.Build.0 = Debug|Any CPU
		{7EFD4972-76D6-490A-B603-8738F0A4A5AF}.Debug|x86.ActiveCfg = Debug|Any CPU
		{7EFD4972-76D6-490A-B603-8738F0A4A5AF}.Debug|x86.Build.0 = Debug|Any CPU
		{7EFD4972-76D6-490A-B603-8738F0A4A5AF}.Release|Any CPU.ActiveCfg = Release|Any CPU
		{7EFD4972-76D6-490A-B603-8738F0A4A5AF}.Release|Any CPU.Build.0 = Release|Any CPU
		{7EFD4972-76D6-490A-B603-8738F0A4A5AF}.Release|ARM.ActiveCfg = Release|Any CPU
		{7EFD4972-76D6-490A-B603-8738F0A4A5AF}.Release|ARM.Build.0 = Release|Any CPU
		{7EFD4972-76D6-490A-B603-8738F0A4A5AF}.Release|ARM64.ActiveCfg = Release|Any CPU
		{7EFD4972-76D6-490A-B603-8738F0A4A5AF}.Release|ARM64.Build.0 = Release|Any CPU
		{7EFD4972-76D6-490A-B603-8738F0A4A5AF}.Release|iPhone.ActiveCfg = Release|Any CPU
		{7EFD4972-76D6-490A-B603-8738F0A4A5AF}.Release|iPhone.Build.0 = Release|Any CPU
		{7EFD4972-76D6-490A-B603-8738F0A4A5AF}.Release|iPhoneSimulator.ActiveCfg = Release|Any CPU
		{7EFD4972-76D6-490A-B603-8738F0A4A5AF}.Release|iPhoneSimulator.Build.0 = Release|Any CPU
		{7EFD4972-76D6-490A-B603-8738F0A4A5AF}.Release|x64.ActiveCfg = Release|Any CPU
		{7EFD4972-76D6-490A-B603-8738F0A4A5AF}.Release|x64.Build.0 = Release|Any CPU
		{7EFD4972-76D6-490A-B603-8738F0A4A5AF}.Release|x86.ActiveCfg = Release|Any CPU
		{7EFD4972-76D6-490A-B603-8738F0A4A5AF}.Release|x86.Build.0 = Release|Any CPU
		{77783DC3-1BD6-495F-92FC-BE7CE5C0DC5C}.Ad-Hoc|Any CPU.ActiveCfg = Release|Any CPU
		{77783DC3-1BD6-495F-92FC-BE7CE5C0DC5C}.Ad-Hoc|Any CPU.Build.0 = Release|Any CPU
		{77783DC3-1BD6-495F-92FC-BE7CE5C0DC5C}.Ad-Hoc|ARM.ActiveCfg = Release|Any CPU
		{77783DC3-1BD6-495F-92FC-BE7CE5C0DC5C}.Ad-Hoc|ARM.Build.0 = Release|Any CPU
		{77783DC3-1BD6-495F-92FC-BE7CE5C0DC5C}.Ad-Hoc|ARM64.ActiveCfg = Release|Any CPU
		{77783DC3-1BD6-495F-92FC-BE7CE5C0DC5C}.Ad-Hoc|ARM64.Build.0 = Release|Any CPU
		{77783DC3-1BD6-495F-92FC-BE7CE5C0DC5C}.Ad-Hoc|iPhone.ActiveCfg = Release|Any CPU
		{77783DC3-1BD6-495F-92FC-BE7CE5C0DC5C}.Ad-Hoc|iPhone.Build.0 = Release|Any CPU
		{77783DC3-1BD6-495F-92FC-BE7CE5C0DC5C}.Ad-Hoc|iPhoneSimulator.ActiveCfg = Release|Any CPU
		{77783DC3-1BD6-495F-92FC-BE7CE5C0DC5C}.Ad-Hoc|iPhoneSimulator.Build.0 = Release|Any CPU
		{77783DC3-1BD6-495F-92FC-BE7CE5C0DC5C}.Ad-Hoc|x64.ActiveCfg = Release|Any CPU
		{77783DC3-1BD6-495F-92FC-BE7CE5C0DC5C}.Ad-Hoc|x64.Build.0 = Release|Any CPU
		{77783DC3-1BD6-495F-92FC-BE7CE5C0DC5C}.Ad-Hoc|x86.ActiveCfg = Release|Any CPU
		{77783DC3-1BD6-495F-92FC-BE7CE5C0DC5C}.Ad-Hoc|x86.Build.0 = Release|Any CPU
		{77783DC3-1BD6-495F-92FC-BE7CE5C0DC5C}.AppStore|Any CPU.ActiveCfg = Release|Any CPU
		{77783DC3-1BD6-495F-92FC-BE7CE5C0DC5C}.AppStore|Any CPU.Build.0 = Release|Any CPU
		{77783DC3-1BD6-495F-92FC-BE7CE5C0DC5C}.AppStore|ARM.ActiveCfg = Release|Any CPU
		{77783DC3-1BD6-495F-92FC-BE7CE5C0DC5C}.AppStore|ARM.Build.0 = Release|Any CPU
		{77783DC3-1BD6-495F-92FC-BE7CE5C0DC5C}.AppStore|ARM64.ActiveCfg = Release|Any CPU
		{77783DC3-1BD6-495F-92FC-BE7CE5C0DC5C}.AppStore|ARM64.Build.0 = Release|Any CPU
		{77783DC3-1BD6-495F-92FC-BE7CE5C0DC5C}.AppStore|iPhone.ActiveCfg = Release|Any CPU
		{77783DC3-1BD6-495F-92FC-BE7CE5C0DC5C}.AppStore|iPhone.Build.0 = Release|Any CPU
		{77783DC3-1BD6-495F-92FC-BE7CE5C0DC5C}.AppStore|iPhoneSimulator.ActiveCfg = Release|Any CPU
		{77783DC3-1BD6-495F-92FC-BE7CE5C0DC5C}.AppStore|iPhoneSimulator.Build.0 = Release|Any CPU
		{77783DC3-1BD6-495F-92FC-BE7CE5C0DC5C}.AppStore|x64.ActiveCfg = Release|Any CPU
		{77783DC3-1BD6-495F-92FC-BE7CE5C0DC5C}.AppStore|x64.Build.0 = Release|Any CPU
		{77783DC3-1BD6-495F-92FC-BE7CE5C0DC5C}.AppStore|x86.ActiveCfg = Release|Any CPU
		{77783DC3-1BD6-495F-92FC-BE7CE5C0DC5C}.AppStore|x86.Build.0 = Release|Any CPU
		{77783DC3-1BD6-495F-92FC-BE7CE5C0DC5C}.Debug|Any CPU.ActiveCfg = Debug|Any CPU
		{77783DC3-1BD6-495F-92FC-BE7CE5C0DC5C}.Debug|Any CPU.Build.0 = Debug|Any CPU
		{77783DC3-1BD6-495F-92FC-BE7CE5C0DC5C}.Debug|ARM.ActiveCfg = Debug|Any CPU
		{77783DC3-1BD6-495F-92FC-BE7CE5C0DC5C}.Debug|ARM.Build.0 = Debug|Any CPU
		{77783DC3-1BD6-495F-92FC-BE7CE5C0DC5C}.Debug|ARM64.ActiveCfg = Debug|Any CPU
		{77783DC3-1BD6-495F-92FC-BE7CE5C0DC5C}.Debug|ARM64.Build.0 = Debug|Any CPU
		{77783DC3-1BD6-495F-92FC-BE7CE5C0DC5C}.Debug|iPhone.ActiveCfg = Debug|Any CPU
		{77783DC3-1BD6-495F-92FC-BE7CE5C0DC5C}.Debug|iPhone.Build.0 = Debug|Any CPU
		{77783DC3-1BD6-495F-92FC-BE7CE5C0DC5C}.Debug|iPhoneSimulator.ActiveCfg = Debug|Any CPU
		{77783DC3-1BD6-495F-92FC-BE7CE5C0DC5C}.Debug|iPhoneSimulator.Build.0 = Debug|Any CPU
		{77783DC3-1BD6-495F-92FC-BE7CE5C0DC5C}.Debug|x64.ActiveCfg = Debug|Any CPU
		{77783DC3-1BD6-495F-92FC-BE7CE5C0DC5C}.Debug|x64.Build.0 = Debug|Any CPU
		{77783DC3-1BD6-495F-92FC-BE7CE5C0DC5C}.Debug|x86.ActiveCfg = Debug|Any CPU
		{77783DC3-1BD6-495F-92FC-BE7CE5C0DC5C}.Debug|x86.Build.0 = Debug|Any CPU
		{77783DC3-1BD6-495F-92FC-BE7CE5C0DC5C}.Release|Any CPU.ActiveCfg = Release|Any CPU
		{77783DC3-1BD6-495F-92FC-BE7CE5C0DC5C}.Release|Any CPU.Build.0 = Release|Any CPU
		{77783DC3-1BD6-495F-92FC-BE7CE5C0DC5C}.Release|ARM.ActiveCfg = Release|Any CPU
		{77783DC3-1BD6-495F-92FC-BE7CE5C0DC5C}.Release|ARM.Build.0 = Release|Any CPU
		{77783DC3-1BD6-495F-92FC-BE7CE5C0DC5C}.Release|ARM64.ActiveCfg = Release|Any CPU
		{77783DC3-1BD6-495F-92FC-BE7CE5C0DC5C}.Release|ARM64.Build.0 = Release|Any CPU
		{77783DC3-1BD6-495F-92FC-BE7CE5C0DC5C}.Release|iPhone.ActiveCfg = Release|Any CPU
		{77783DC3-1BD6-495F-92FC-BE7CE5C0DC5C}.Release|iPhone.Build.0 = Release|Any CPU
		{77783DC3-1BD6-495F-92FC-BE7CE5C0DC5C}.Release|iPhoneSimulator.ActiveCfg = Release|Any CPU
		{77783DC3-1BD6-495F-92FC-BE7CE5C0DC5C}.Release|iPhoneSimulator.Build.0 = Release|Any CPU
		{80A96B52-6758-4BDB-B0B4-CEA4CA155C60}.Debug|Any CPU.ActiveCfg = Debug|iPhone
		{80A96B52-6758-4BDB-B0B4-CEA4CA155C60}.Debug|Any CPU.Build.0 = Debug|iPhone
		{80A96B52-6758-4BDB-B0B4-CEA4CA155C60}.Debug|iPhone.ActiveCfg = Debug|iPhone
		{80A96B52-6758-4BDB-B0B4-CEA4CA155C60}.Debug|iPhone.Build.0 = Debug|iPhone
		{80A96B52-6758-4BDB-B0B4-CEA4CA155C60}.Debug|iPhoneSimulator.ActiveCfg = Debug|iPhoneSimulator
		{80A96B52-6758-4BDB-B0B4-CEA4CA155C60}.Debug|iPhoneSimulator.Build.0 = Debug|iPhoneSimulator
		{80A96B52-6758-4BDB-B0B4-CEA4CA155C60}.Release|Any CPU.ActiveCfg = Release|iPhone
		{80A96B52-6758-4BDB-B0B4-CEA4CA155C60}.Release|iPhone.ActiveCfg = Release|iPhone
		{80A96B52-6758-4BDB-B0B4-CEA4CA155C60}.Release|iPhone.Build.0 = Release|iPhone
		{80A96B52-6758-4BDB-B0B4-CEA4CA155C60}.Release|iPhoneSimulator.ActiveCfg = Release|iPhoneSimulator
		{80A96B52-6758-4BDB-B0B4-CEA4CA155C60}.Release|iPhoneSimulator.Build.0 = Release|iPhoneSimulator
		{77783DC3-1BD6-495F-92FC-BE7CE5C0DC5C}.Release|x64.ActiveCfg = Release|Any CPU
		{77783DC3-1BD6-495F-92FC-BE7CE5C0DC5C}.Release|x64.Build.0 = Release|Any CPU
		{77783DC3-1BD6-495F-92FC-BE7CE5C0DC5C}.Release|x86.ActiveCfg = Release|Any CPU
		{77783DC3-1BD6-495F-92FC-BE7CE5C0DC5C}.Release|x86.Build.0 = Release|Any CPU
		{8515E333-C40D-4713-8F8B-3DE4BD5E183B}.Ad-Hoc|Any CPU.ActiveCfg = Debug|Any CPU
		{8515E333-C40D-4713-8F8B-3DE4BD5E183B}.Ad-Hoc|Any CPU.Build.0 = Debug|Any CPU
		{8515E333-C40D-4713-8F8B-3DE4BD5E183B}.Ad-Hoc|ARM.ActiveCfg = Debug|Any CPU
		{8515E333-C40D-4713-8F8B-3DE4BD5E183B}.Ad-Hoc|ARM.Build.0 = Debug|Any CPU
		{8515E333-C40D-4713-8F8B-3DE4BD5E183B}.Ad-Hoc|ARM64.ActiveCfg = Debug|Any CPU
		{8515E333-C40D-4713-8F8B-3DE4BD5E183B}.Ad-Hoc|ARM64.Build.0 = Debug|Any CPU
		{8515E333-C40D-4713-8F8B-3DE4BD5E183B}.Ad-Hoc|iPhone.ActiveCfg = Debug|Any CPU
		{8515E333-C40D-4713-8F8B-3DE4BD5E183B}.Ad-Hoc|iPhone.Build.0 = Debug|Any CPU
		{8515E333-C40D-4713-8F8B-3DE4BD5E183B}.Ad-Hoc|iPhoneSimulator.ActiveCfg = Debug|Any CPU
		{8515E333-C40D-4713-8F8B-3DE4BD5E183B}.Ad-Hoc|iPhoneSimulator.Build.0 = Debug|Any CPU
		{8515E333-C40D-4713-8F8B-3DE4BD5E183B}.Ad-Hoc|x64.ActiveCfg = Debug|Any CPU
		{8515E333-C40D-4713-8F8B-3DE4BD5E183B}.Ad-Hoc|x64.Build.0 = Debug|Any CPU
		{8515E333-C40D-4713-8F8B-3DE4BD5E183B}.Ad-Hoc|x86.ActiveCfg = Debug|Any CPU
		{8515E333-C40D-4713-8F8B-3DE4BD5E183B}.Ad-Hoc|x86.Build.0 = Debug|Any CPU
		{8515E333-C40D-4713-8F8B-3DE4BD5E183B}.AppStore|Any CPU.ActiveCfg = Debug|Any CPU
		{8515E333-C40D-4713-8F8B-3DE4BD5E183B}.AppStore|Any CPU.Build.0 = Debug|Any CPU
		{8515E333-C40D-4713-8F8B-3DE4BD5E183B}.AppStore|ARM.ActiveCfg = Debug|Any CPU
		{8515E333-C40D-4713-8F8B-3DE4BD5E183B}.AppStore|ARM.Build.0 = Debug|Any CPU
		{8515E333-C40D-4713-8F8B-3DE4BD5E183B}.AppStore|ARM64.ActiveCfg = Debug|Any CPU
		{8515E333-C40D-4713-8F8B-3DE4BD5E183B}.AppStore|ARM64.Build.0 = Debug|Any CPU
		{8515E333-C40D-4713-8F8B-3DE4BD5E183B}.AppStore|iPhone.ActiveCfg = Debug|Any CPU
		{8515E333-C40D-4713-8F8B-3DE4BD5E183B}.AppStore|iPhone.Build.0 = Debug|Any CPU
		{8515E333-C40D-4713-8F8B-3DE4BD5E183B}.AppStore|iPhoneSimulator.ActiveCfg = Debug|Any CPU
		{8515E333-C40D-4713-8F8B-3DE4BD5E183B}.AppStore|iPhoneSimulator.Build.0 = Debug|Any CPU
		{8515E333-C40D-4713-8F8B-3DE4BD5E183B}.AppStore|x64.ActiveCfg = Debug|Any CPU
		{8515E333-C40D-4713-8F8B-3DE4BD5E183B}.AppStore|x64.Build.0 = Debug|Any CPU
		{8515E333-C40D-4713-8F8B-3DE4BD5E183B}.AppStore|x86.ActiveCfg = Debug|Any CPU
		{8515E333-C40D-4713-8F8B-3DE4BD5E183B}.AppStore|x86.Build.0 = Debug|Any CPU
		{8515E333-C40D-4713-8F8B-3DE4BD5E183B}.Debug|Any CPU.ActiveCfg = Debug|Any CPU
		{8515E333-C40D-4713-8F8B-3DE4BD5E183B}.Debug|Any CPU.Build.0 = Debug|Any CPU
		{8515E333-C40D-4713-8F8B-3DE4BD5E183B}.Debug|ARM.ActiveCfg = Debug|Any CPU
		{8515E333-C40D-4713-8F8B-3DE4BD5E183B}.Debug|ARM.Build.0 = Debug|Any CPU
		{8515E333-C40D-4713-8F8B-3DE4BD5E183B}.Debug|ARM64.ActiveCfg = Debug|Any CPU
		{8515E333-C40D-4713-8F8B-3DE4BD5E183B}.Debug|ARM64.Build.0 = Debug|Any CPU
		{8515E333-C40D-4713-8F8B-3DE4BD5E183B}.Debug|iPhone.ActiveCfg = Debug|Any CPU
		{8515E333-C40D-4713-8F8B-3DE4BD5E183B}.Debug|iPhone.Build.0 = Debug|Any CPU
		{8515E333-C40D-4713-8F8B-3DE4BD5E183B}.Debug|iPhoneSimulator.ActiveCfg = Debug|Any CPU
		{8515E333-C40D-4713-8F8B-3DE4BD5E183B}.Debug|iPhoneSimulator.Build.0 = Debug|Any CPU
		{8515E333-C40D-4713-8F8B-3DE4BD5E183B}.Debug|x64.ActiveCfg = Debug|Any CPU
		{8515E333-C40D-4713-8F8B-3DE4BD5E183B}.Debug|x64.Build.0 = Debug|Any CPU
		{8515E333-C40D-4713-8F8B-3DE4BD5E183B}.Debug|x86.ActiveCfg = Debug|Any CPU
		{8515E333-C40D-4713-8F8B-3DE4BD5E183B}.Debug|x86.Build.0 = Debug|Any CPU
		{8515E333-C40D-4713-8F8B-3DE4BD5E183B}.Release|Any CPU.ActiveCfg = Release|Any CPU
		{8515E333-C40D-4713-8F8B-3DE4BD5E183B}.Release|Any CPU.Build.0 = Release|Any CPU
		{8515E333-C40D-4713-8F8B-3DE4BD5E183B}.Release|ARM.ActiveCfg = Release|Any CPU
		{8515E333-C40D-4713-8F8B-3DE4BD5E183B}.Release|ARM.Build.0 = Release|Any CPU
		{8515E333-C40D-4713-8F8B-3DE4BD5E183B}.Release|ARM64.ActiveCfg = Release|Any CPU
		{8515E333-C40D-4713-8F8B-3DE4BD5E183B}.Release|ARM64.Build.0 = Release|Any CPU
		{8515E333-C40D-4713-8F8B-3DE4BD5E183B}.Release|iPhone.ActiveCfg = Release|Any CPU
		{8515E333-C40D-4713-8F8B-3DE4BD5E183B}.Release|iPhone.Build.0 = Release|Any CPU
		{8515E333-C40D-4713-8F8B-3DE4BD5E183B}.Release|iPhoneSimulator.ActiveCfg = Release|Any CPU
		{8515E333-C40D-4713-8F8B-3DE4BD5E183B}.Release|iPhoneSimulator.Build.0 = Release|Any CPU
		{8515E333-C40D-4713-8F8B-3DE4BD5E183B}.Release|x64.ActiveCfg = Release|Any CPU
		{8515E333-C40D-4713-8F8B-3DE4BD5E183B}.Release|x64.Build.0 = Release|Any CPU
		{8515E333-C40D-4713-8F8B-3DE4BD5E183B}.Release|x86.ActiveCfg = Release|Any CPU
		{8515E333-C40D-4713-8F8B-3DE4BD5E183B}.Release|x86.Build.0 = Release|Any CPU
		{A948BFB5-6676-42A2-BAEF-3F9A495EFA56}.Ad-Hoc|Any CPU.ActiveCfg = Release|x64
		{A948BFB5-6676-42A2-BAEF-3F9A495EFA56}.Ad-Hoc|Any CPU.Build.0 = Release|x64
		{A948BFB5-6676-42A2-BAEF-3F9A495EFA56}.Ad-Hoc|Any CPU.Deploy.0 = Release|x64
		{A948BFB5-6676-42A2-BAEF-3F9A495EFA56}.Ad-Hoc|ARM.ActiveCfg = Release|ARM
		{A948BFB5-6676-42A2-BAEF-3F9A495EFA56}.Ad-Hoc|ARM.Build.0 = Release|ARM
		{A948BFB5-6676-42A2-BAEF-3F9A495EFA56}.Ad-Hoc|ARM.Deploy.0 = Release|ARM
		{A948BFB5-6676-42A2-BAEF-3F9A495EFA56}.Ad-Hoc|ARM64.ActiveCfg = Release|ARM64
		{A948BFB5-6676-42A2-BAEF-3F9A495EFA56}.Ad-Hoc|ARM64.Build.0 = Release|ARM64
		{A948BFB5-6676-42A2-BAEF-3F9A495EFA56}.Ad-Hoc|ARM64.Deploy.0 = Release|ARM64
		{A948BFB5-6676-42A2-BAEF-3F9A495EFA56}.Ad-Hoc|iPhone.ActiveCfg = Release|x64
		{A948BFB5-6676-42A2-BAEF-3F9A495EFA56}.Ad-Hoc|iPhone.Build.0 = Release|x64
		{A948BFB5-6676-42A2-BAEF-3F9A495EFA56}.Ad-Hoc|iPhone.Deploy.0 = Release|x64
		{A948BFB5-6676-42A2-BAEF-3F9A495EFA56}.Ad-Hoc|iPhoneSimulator.ActiveCfg = Release|x64
		{A948BFB5-6676-42A2-BAEF-3F9A495EFA56}.Ad-Hoc|iPhoneSimulator.Build.0 = Release|x64
		{A948BFB5-6676-42A2-BAEF-3F9A495EFA56}.Ad-Hoc|iPhoneSimulator.Deploy.0 = Release|x64
		{A948BFB5-6676-42A2-BAEF-3F9A495EFA56}.Ad-Hoc|x64.ActiveCfg = Release|x64
		{A948BFB5-6676-42A2-BAEF-3F9A495EFA56}.Ad-Hoc|x64.Build.0 = Release|x64
		{A948BFB5-6676-42A2-BAEF-3F9A495EFA56}.Ad-Hoc|x64.Deploy.0 = Release|x64
		{A948BFB5-6676-42A2-BAEF-3F9A495EFA56}.Ad-Hoc|x86.ActiveCfg = Release|x86
		{A948BFB5-6676-42A2-BAEF-3F9A495EFA56}.Ad-Hoc|x86.Build.0 = Release|x86
		{A948BFB5-6676-42A2-BAEF-3F9A495EFA56}.Ad-Hoc|x86.Deploy.0 = Release|x86
		{A948BFB5-6676-42A2-BAEF-3F9A495EFA56}.AppStore|Any CPU.ActiveCfg = Release|x64
		{A948BFB5-6676-42A2-BAEF-3F9A495EFA56}.AppStore|Any CPU.Build.0 = Release|x64
		{A948BFB5-6676-42A2-BAEF-3F9A495EFA56}.AppStore|Any CPU.Deploy.0 = Release|x64
		{A948BFB5-6676-42A2-BAEF-3F9A495EFA56}.AppStore|ARM.ActiveCfg = Release|ARM
		{A948BFB5-6676-42A2-BAEF-3F9A495EFA56}.AppStore|ARM.Build.0 = Release|ARM
		{A948BFB5-6676-42A2-BAEF-3F9A495EFA56}.AppStore|ARM.Deploy.0 = Release|ARM
		{A948BFB5-6676-42A2-BAEF-3F9A495EFA56}.AppStore|ARM64.ActiveCfg = Release|ARM64
		{A948BFB5-6676-42A2-BAEF-3F9A495EFA56}.AppStore|ARM64.Build.0 = Release|ARM64
		{A948BFB5-6676-42A2-BAEF-3F9A495EFA56}.AppStore|ARM64.Deploy.0 = Release|ARM64
		{A948BFB5-6676-42A2-BAEF-3F9A495EFA56}.AppStore|iPhone.ActiveCfg = Release|x64
		{A948BFB5-6676-42A2-BAEF-3F9A495EFA56}.AppStore|iPhone.Build.0 = Release|x64
		{A948BFB5-6676-42A2-BAEF-3F9A495EFA56}.AppStore|iPhone.Deploy.0 = Release|x64
		{A948BFB5-6676-42A2-BAEF-3F9A495EFA56}.AppStore|iPhoneSimulator.ActiveCfg = Release|x64
		{A948BFB5-6676-42A2-BAEF-3F9A495EFA56}.AppStore|iPhoneSimulator.Build.0 = Release|x64
		{A948BFB5-6676-42A2-BAEF-3F9A495EFA56}.AppStore|iPhoneSimulator.Deploy.0 = Release|x64
		{A948BFB5-6676-42A2-BAEF-3F9A495EFA56}.AppStore|x64.ActiveCfg = Release|x64
		{A948BFB5-6676-42A2-BAEF-3F9A495EFA56}.AppStore|x64.Build.0 = Release|x64
		{A948BFB5-6676-42A2-BAEF-3F9A495EFA56}.AppStore|x64.Deploy.0 = Release|x64
		{A948BFB5-6676-42A2-BAEF-3F9A495EFA56}.AppStore|x86.ActiveCfg = Release|x86
		{A948BFB5-6676-42A2-BAEF-3F9A495EFA56}.AppStore|x86.Build.0 = Release|x86
		{A948BFB5-6676-42A2-BAEF-3F9A495EFA56}.AppStore|x86.Deploy.0 = Release|x86
		{A948BFB5-6676-42A2-BAEF-3F9A495EFA56}.Debug|Any CPU.ActiveCfg = Debug|x86
		{A948BFB5-6676-42A2-BAEF-3F9A495EFA56}.Debug|ARM.ActiveCfg = Debug|ARM
		{A948BFB5-6676-42A2-BAEF-3F9A495EFA56}.Debug|ARM.Build.0 = Debug|ARM
		{A948BFB5-6676-42A2-BAEF-3F9A495EFA56}.Debug|ARM.Deploy.0 = Debug|ARM
		{A948BFB5-6676-42A2-BAEF-3F9A495EFA56}.Debug|ARM64.ActiveCfg = Debug|ARM64
		{A948BFB5-6676-42A2-BAEF-3F9A495EFA56}.Debug|ARM64.Build.0 = Debug|ARM64
		{A948BFB5-6676-42A2-BAEF-3F9A495EFA56}.Debug|ARM64.Deploy.0 = Debug|ARM64
		{A948BFB5-6676-42A2-BAEF-3F9A495EFA56}.Debug|iPhone.ActiveCfg = Debug|x86
		{A948BFB5-6676-42A2-BAEF-3F9A495EFA56}.Debug|iPhoneSimulator.ActiveCfg = Debug|x86
		{A948BFB5-6676-42A2-BAEF-3F9A495EFA56}.Debug|x64.ActiveCfg = Debug|x64
		{A948BFB5-6676-42A2-BAEF-3F9A495EFA56}.Debug|x64.Build.0 = Debug|x64
		{A948BFB5-6676-42A2-BAEF-3F9A495EFA56}.Debug|x64.Deploy.0 = Debug|x64
		{A948BFB5-6676-42A2-BAEF-3F9A495EFA56}.Debug|x86.ActiveCfg = Debug|x86
		{A948BFB5-6676-42A2-BAEF-3F9A495EFA56}.Debug|x86.Build.0 = Debug|x86
		{A948BFB5-6676-42A2-BAEF-3F9A495EFA56}.Debug|x86.Deploy.0 = Debug|x86
		{A948BFB5-6676-42A2-BAEF-3F9A495EFA56}.Release|Any CPU.ActiveCfg = Release|x86
		{A948BFB5-6676-42A2-BAEF-3F9A495EFA56}.Release|ARM.ActiveCfg = Release|ARM
		{A948BFB5-6676-42A2-BAEF-3F9A495EFA56}.Release|ARM.Build.0 = Release|ARM
		{A948BFB5-6676-42A2-BAEF-3F9A495EFA56}.Release|ARM.Deploy.0 = Release|ARM
		{A948BFB5-6676-42A2-BAEF-3F9A495EFA56}.Release|ARM64.ActiveCfg = Release|ARM64
		{A948BFB5-6676-42A2-BAEF-3F9A495EFA56}.Release|ARM64.Build.0 = Release|ARM64
		{A948BFB5-6676-42A2-BAEF-3F9A495EFA56}.Release|ARM64.Deploy.0 = Release|ARM64
		{A948BFB5-6676-42A2-BAEF-3F9A495EFA56}.Release|iPhone.ActiveCfg = Release|x86
		{A948BFB5-6676-42A2-BAEF-3F9A495EFA56}.Release|iPhoneSimulator.ActiveCfg = Release|x86
		{A948BFB5-6676-42A2-BAEF-3F9A495EFA56}.Release|x64.ActiveCfg = Release|x64
		{A948BFB5-6676-42A2-BAEF-3F9A495EFA56}.Release|x64.Build.0 = Release|x64
		{A948BFB5-6676-42A2-BAEF-3F9A495EFA56}.Release|x64.Deploy.0 = Release|x64
		{A948BFB5-6676-42A2-BAEF-3F9A495EFA56}.Release|x86.ActiveCfg = Release|x86
		{A948BFB5-6676-42A2-BAEF-3F9A495EFA56}.Release|x86.Build.0 = Release|x86
		{A948BFB5-6676-42A2-BAEF-3F9A495EFA56}.Release|x86.Deploy.0 = Release|x86
	EndGlobalSection
	GlobalSection(SolutionProperties) = preSolution
		HideSolutionNode = FALSE
	EndGlobalSection
	GlobalSection(NestedProjects) = preSolution
		{2F47FA2B-CC6D-409C-931C-537F145C235C} = {5BDB3103-2BEC-4FC0-A17E-9C654E4F27FA}
		{E130CFED-CB15-410F-90BA-05B919312410} = {2F0F4A69-6E19-44BB-8A47-F5124FCC0797}
		{BCCF97C3-A838-4DD1-BA39-409817155D96} = {2F0F4A69-6E19-44BB-8A47-F5124FCC0797}
		{95B47C06-E1B5-4739-8B1B-820D7B11C4CB} = {2F0F4A69-6E19-44BB-8A47-F5124FCC0797}
		{634ABFCB-DC2E-4885-88E7-8A3B65B36DF3} = {2F0F4A69-6E19-44BB-8A47-F5124FCC0797}
		{D6A76CE2-85B5-4AB6-A1B7-D0ED59D8FD3A} = {2F0F4A69-6E19-44BB-8A47-F5124FCC0797}
		{8515E333-C40D-4713-8F8B-3DE4BD5E183B} = {F0BDE44B-05C2-4A75-AAF1-7C806AB1CCD9}
		{A948BFB5-6676-42A2-BAEF-3F9A495EFA56} = {F0BDE44B-05C2-4A75-AAF1-7C806AB1CCD9}
	EndGlobalSection
	GlobalSection(ExtensibilityGlobals) = postSolution
		SolutionGuid = {14F4397D-31D6-4C83-80EC-1C065F8D602E}
	EndGlobalSection
EndGlobal
